
Microsoft Visual Studio Solution File, Format Version 12.00
# Visual Studio Version 17
VisualStudioVersion = 17.0.32014.148
MinimumVisualStudioVersion = 10.0.40219.1
Project("{FAE04EC0-301F-11D3-BF4B-00C04F79EFBC}") = "LogicalProgrammingProject", "LogicalProgrammingProject\LogicalProgrammingProject.csproj", "{C9169C61-3B44-4C07-9653-5FDA29678E61}"
EndProject
Global
	GlobalSection(SolutionConfigurationPlatforms) = preSolution
		Debug|Any CPU = Debug|Any CPU
		Release|Any CPU = Release|Any CPU
	EndGlobalSection
	GlobalSection(ProjectConfigurationPlatforms) = postSolution
		{C9169C61-3B44-4C07-9653-5FDA29678E61}.Debug|Any CPU.ActiveCfg = Debug|Any CPU
		{C9169C61-3B44-4C07-9653-5FDA29678E61}.Debug|Any CPU.Build.0 = Debug|Any CPU
		{C9169C61-3B44-4C07-9653-5FDA29678E61}.Release|Any CPU.ActiveCfg = Release|Any CPU
		{C9169C61-3B44-4C07-9653-5FDA29678E61}.Release|Any CPU.Build.0 = Release|Any CPU
	EndGlobalSection
	GlobalSection(SolutionProperties) = preSolution
		HideSolutionNode = FALSE
	EndGlobalSection
	GlobalSection(ExtensibilityGlobals) = postSolution
		SolutionGuid = {A0ACFA7F-D851-4302-93B2-67A3F437B4CD}
	EndGlobalSection
EndGlobal
